// !$*UTF8*$!
{
	archiveVersion = 1;
	classes = {
	};
	objectVersion = 56;
	objects = {

/* Begin PBXBuildFile section */
		ED28A3072A5996B400D61D04 /* AppDelegate.swift in Sources */ = {isa = PBXBuildFile; fileRef = ED28A3062A5996B400D61D04 /* AppDelegate.swift */; };
		ED28A3092A5996B400D61D04 /* SceneDelegate.swift in Sources */ = {isa = PBXBuildFile; fileRef = ED28A3082A5996B400D61D04 /* SceneDelegate.swift */; };
		ED28A30B2A5996B400D61D04 /* ViewController.swift in Sources */ = {isa = PBXBuildFile; fileRef = ED28A30A2A5996B400D61D04 /* ViewController.swift */; };
		ED28A30E2A5996B400D61D04 /* Main.storyboard in Resources */ = {isa = PBXBuildFile; fileRef = ED28A30C2A5996B400D61D04 /* Main.storyboard */; };
		ED28A3102A5996B500D61D04 /* Assets.xcassets in Resources */ = {isa = PBXBuildFile; fileRef = ED28A30F2A5996B500D61D04 /* Assets.xcassets */; };
		ED28A3132A5996B500D61D04 /* LaunchScreen.storyboard in Resources */ = {isa = PBXBuildFile; fileRef = ED28A3112A5996B500D61D04 /* LaunchScreen.storyboard */; };
		ED9FD2122A5D651A00D5481C /* Concentration.swift in Sources */ = {isa = PBXBuildFile; fileRef = ED9FD2112A5D651A00D5481C /* Concentration.swift */; };
		ED9FD2142A5D65D300D5481C /* Card.swift in Sources */ = {isa = PBXBuildFile; fileRef = ED9FD2132A5D65D300D5481C /* Card.swift */; };
/* End PBXBuildFile section */

/* Begin PBXFileReference section */
		ED28A3032A5996B400D61D04 /* Concentration App.app */ = {isa = PBXFileReference; explicitFileType = wrapper.application; includeInIndex = 0; path = "Concentration App.app"; sourceTree = BUILT_PRODUCTS_DIR; };
		ED28A3062A5996B400D61D04 /* AppDelegate.swift */ = {isa = PBXFileReference; lastKnownFileType = sourcecode.swift; path = AppDelegate.swift; sourceTree = "<group>"; };
		ED28A3082A5996B400D61D04 /* SceneDelegate.swift */ = {isa = PBXFileReference; lastKnownFileType = sourcecode.swift; path = SceneDelegate.swift; sourceTree = "<group>"; };
		ED28A30A2A5996B400D61D04 /* ViewController.swift */ = {isa = PBXFileReference; lastKnownFileType = sourcecode.swift; path = ViewController.swift; sourceTree = "<group>"; };
		ED28A30D2A5996B400D61D04 /* Base */ = {isa = PBXFileReference; lastKnownFileType = file.storyboard; name = Base; path = Base.lproj/Main.storyboard; sourceTree = "<group>"; };
		ED28A30F2A5996B500D61D04 /* Assets.xcassets */ = {isa = PBXFileReference; lastKnownFileType = folder.assetcatalog; path = Assets.xcassets; sourceTree = "<group>"; };
		ED28A3122A5996B500D61D04 /* Base */ = {isa = PBXFileReference; lastKnownFileType = file.storyboard; name = Base; path = Base.lproj/LaunchScreen.storyboard; sourceTree = "<group>"; };
		ED28A3142A5996B500D61D04 /* Info.plist */ = {isa = PBXFileReference; lastKnownFileType = text.plist.xml; path = Info.plist; sourceTree = "<group>"; };
		ED9FD2112A5D651A00D5481C /* Concentration.swift */ = {isa = PBXFileReference; lastKnownFileType = sourcecode.swift; path = Concentration.swift; sourceTree = "<group>"; };
		ED9FD2132A5D65D300D5481C /* Card.swift */ = {isa = PBXFileReference; lastKnownFileType = sourcecode.swift; path = Card.swift; sourceTree = "<group>"; };
/* End PBXFileReference section */

/* Begin PBXFrameworksBuildPhase section */
		ED28A3002A5996B400D61D04 /* Frameworks */ = {
			isa = PBXFrameworksBuildPhase;
			buildActionMask = 2147483647;
			files = (
			);
			runOnlyForDeploymentPostprocessing = 0;
		};
/* End PBXFrameworksBuildPhase section */

/* Begin PBXGroup section */
		ED28A2FA2A5996B300D61D04 = {
			isa = PBXGroup;
			children = (
				ED28A3052A5996B400D61D04 /* Concentration App */,
				ED28A3042A5996B400D61D04 /* Products */,
			);
			sourceTree = "<group>";
		};
		ED28A3042A5996B400D61D04 /* Products */ = {
			isa = PBXGroup;
			children = (
				ED28A3032A5996B400D61D04 /* Concentration App.app */,
			);
			name = Products;
			sourceTree = "<group>";
		};
		ED28A3052A5996B400D61D04 /* Concentration App */ = {
			isa = PBXGroup;
			children = (
				ED28A31A2A5996D100D61D04 /* Supporting Files */,
				ED28A3082A5996B400D61D04 /* SceneDelegate.swift */,
				ED28A30A2A5996B400D61D04 /* ViewController.swift */,
				ED28A30C2A5996B400D61D04 /* Main.storyboard */,
				ED9FD2112A5D651A00D5481C /* Concentration.swift */,
				ED9FD2132A5D65D300D5481C /* Card.swift */,
				ED28A3142A5996B500D61D04 /* Info.plist */,
			);
			path = "Concentration App";
			sourceTree = "<group>";
		};
		ED28A31A2A5996D100D61D04 /* Supporting Files */ = {
			isa = PBXGroup;
			children = (
				ED28A3062A5996B400D61D04 /* AppDelegate.swift */,
				ED28A30F2A5996B500D61D04 /* Assets.xcassets */,
				ED28A3112A5996B500D61D04 /* LaunchScreen.storyboard */,
			);
			path = "Supporting Files";
			sourceTree = "<group>";
		};
/* End PBXGroup section */

/* Begin PBXNativeTarget section */
		ED28A3022A5996B400D61D04 /* Concentration App */ = {
			isa = PBXNativeTarget;
			buildConfigurationList = ED28A3172A5996B500D61D04 /* Build configuration list for PBXNativeTarget "Concentration App" */;
			buildPhases = (
				ED28A2FF2A5996B400D61D04 /* Sources */,
				ED28A3002A5996B400D61D04 /* Frameworks */,
				ED28A3012A5996B400D61D04 /* Resources */,
			);
			buildRules = (
			);
			dependencies = (
			);
			name = "Concentration App";
			productName = "Concentration App";
			productReference = ED28A3032A5996B400D61D04 /* Concentration App.app */;
			productType = "com.apple.product-type.application";
		};
/* End PBXNativeTarget section */

/* Begin PBXProject section */
		ED28A2FB2A5996B400D61D04 /* Project object */ = {
			isa = PBXProject;
			attributes = {
				BuildIndependentTargetsInParallel = 1;
				LastSwiftUpdateCheck = 1430;
				LastUpgradeCheck = 1430;
				TargetAttributes = {
					ED28A3022A5996B400D61D04 = {
						CreatedOnToolsVersion = 14.3;
					};
				};
			};
			buildConfigurationList = ED28A2FE2A5996B400D61D04 /* Build configuration list for PBXProject "Concentration App" */;
			compatibilityVersion = "Xcode 14.0";
			developmentRegion = en;
			hasScannedForEncodings = 0;
			knownRegions = (
				en,
				Base,
			);
			mainGroup = ED28A2FA2A5996B300D61D04;
			productRefGroup = ED28A3042A5996B400D61D04 /* Products */;
			projectDirPath = "";
			projectRoot = "";
			targets = (
				ED28A3022A5996B400D61D04 /* Concentration App */,
			);
		};
/* End PBXProject section */

/* Begin PBXResourcesBuildPhase section */
		ED28A3012A5996B400D61D04 /* Resources */ = {
			isa = PBXResourcesBuildPhase;
			buildActionMask = 2147483647;
			files = (
				ED28A3132A5996B500D61D04 /* LaunchScreen.storyboard in Resources */,
				ED28A3102A5996B500D61D04 /* Assets.xcassets in Resources */,
				ED28A30E2A5996B400D61D04 /* Main.storyboard in Resources */,
			);
			runOnlyForDeploymentPostprocessing = 0;
		};
/* End PBXResourcesBuildPhase section */

/* Begin PBXSourcesBuildPhase section */
		ED28A2FF2A5996B400D61D04 /* Sources */ = {
			isa = PBXSourcesBuildPhase;
			buildActionMask = 2147483647;
			files = (
				ED28A30B2A5996B400D61D04 /* ViewController.swift in Sources */,
				ED9FD2122A5D651A00D5481C /* Concentration.swift in Sources */,
				ED9FD2142A5D65D300D5481C /* Card.swift in Sources */,
				ED28A3072A5996B400D61D04 /* AppDelegate.swift in Sources */,
				ED28A3092A5996B400D61D04 /* SceneDelegate.swift in Sources */,
			);
			runOnlyForDeploymentPostprocessing = 0;
		};
/* End PBXSourcesBuildPhase section */

/* Begin PBXVariantGroup section */
		ED28A30C2A5996B400D61D04 /* Main.storyboard */ = {
			isa = PBXVariantGroup;
			children = (
				ED28A30D2A5996B400D61D04 /* Base */,
			);
			name = Main.storyboard;
			sourceTree = "<group>";
		};
		ED28A3112A5996B500D61D04 /* LaunchScreen.storyboard */ = {
			isa = PBXVariantGroup;
			children = (
				ED28A3122A5996B500D61D04 /* Base */,
			);
			name = LaunchScreen.storyboard;
			sourceTree = "<group>";
		};
/* End PBXVariantGroup section */

/* Begin XCBuildConfiguration section */
		ED28A3152A5996B500D61D04 /* Debug */ = {
			isa = XCBuildConfiguration;
			buildSettings = {
				ALWAYS_SEARCH_USER_PATHS = NO;
				CLANG_ANALYZER_NONNULL = YES;
				CLANG_ANALYZER_NUMBER_OBJECT_CONVERSION = YES_AGGRESSIVE;
				CLANG_CXX_LANGUAGE_STANDARD = "gnu++20";
				CLANG_ENABLE_MODULES = YES;
				CLANG_ENABLE_OBJC_ARC = YES;
				CLANG_ENABLE_OBJC_WEAK = YES;
				CLANG_WARN_BLOCK_CAPTURE_AUTORELEASING = YES;
				CLANG_WARN_BOOL_CONVERSION = YES;
				CLANG_WARN_COMMA = YES;
				CLANG_WARN_CONSTANT_CONVERSION = YES;
				CLANG_WARN_DEPRECATED_OBJC_IMPLEMENTATIONS = YES;
				CLANG_WARN_DIRECT_OBJC_ISA_USAGE = YES_ERROR;
				CLANG_WARN_DOCUMENTATION_COMMENTS = YES;
				CLANG_WARN_EMPTY_BODY = YES;
				CLANG_WARN_ENUM_CONVERSION = YES;
				CLANG_WARN_INFINITE_RECURSION = YES;
				CLANG_WARN_INT_CONVERSION = YES;
				CLANG_WARN_NON_LITERAL_NULL_CONVERSION = YES;
				CLANG_WARN_OBJC_IMPLICIT_RETAIN_SELF = YES;
				CLANG_WARN_OBJC_LITERAL_CONVERSION = YES;
				CLANG_WARN_OBJC_ROOT_CLASS = YES_ERROR;
				CLANG_WARN_QUOTED_INCLUDE_IN_FRAMEWORK_HEADER = YES;
				CLANG_WARN_RANGE_LOOP_ANALYSIS = YES;
				CLANG_WARN_STRICT_PROTOTYPES = YES;
				CLANG_WARN_SUSPICIOUS_MOVE = YES;
				CLANG_WARN_UNGUARDED_AVAILABILITY = YES_AGGRESSIVE;
				CLANG_WARN_UNREACHABLE_CODE = YES;
				CLANG_WARN__DUPLICATE_METHOD_MATCH = YES;
				COPY_PHASE_STRIP = NO;
				DEBUG_INFORMATION_FORMAT = dwarf;
				ENABLE_STRICT_OBJC_MSGSEND = YES;
				ENABLE_TESTABILITY = YES;
				GCC_C_LANGUAGE_STANDARD = gnu11;
				GCC_DYNAMIC_NO_PIC = NO;
				GCC_NO_COMMON_BLOCKS = YES;
				GCC_OPTIMIZATION_LEVEL = 0;
				GCC_PREPROCESSOR_DEFINITIONS = (
					"DEBUG=1",
					"$(inherited)",
				);
				GCC_WARN_64_TO_32_BIT_CONVERSION = YES;
				GCC_WARN_ABOUT_RETURN_TYPE = YES_ERROR;
				GCC_WARN_UNDECLARED_SELECTOR = YES;
				GCC_WARN_UNINITIALIZED_AUTOS = YES_AGGRESSIVE;
				GCC_WARN_UNUSED_FUNCTION = YES;
				GCC_WARN_UNUSED_VARIABLE = YES;
				IPHONEOS_DEPLOYMENT_TARGET = 16.4;
				MTL_ENABLE_DEBUG_INFO = INCLUDE_SOURCE;
				MTL_FAST_MATH = YES;
				ONLY_ACTIVE_ARCH = YES;
				SDKROOT = iphoneos;
				SWIFT_ACTIVE_COMPILATION_CONDITIONS = DEBUG;
				SWIFT_OPTIMIZATION_LEVEL = "-Onone";
			};
			name = Debug;
		};
		ED28A3162A5996B500D61D04 /* Release */ = {
			isa = XCBuildConfiguration;
			buildSettings = {
				ALWAYS_SEARCH_USER_PATHS = NO;
				CLANG_ANALYZER_NONNULL = YES;
				CLANG_ANALYZER_NUMBER_OBJECT_CONVERSION = YES_AGGRESSIVE;
				CLANG_CXX_LANGUAGE_STANDARD = "gnu++20";
				CLANG_ENABLE_MODULES = YES;
				CLANG_ENABLE_OBJC_ARC = YES;
				CLANG_ENABLE_OBJC_WEAK = YES;
				CLANG_WARN_BLOCK_CAPTURE_AUTORELEASING = YES;
				CLANG_WARN_BOOL_CONVERSION = YES;
				CLANG_WARN_COMMA = YES;
				CLANG_WARN_CONSTANT_CONVERSION = YES;
				CLANG_WARN_DEPRECATED_OBJC_IMPLEMENTATIONS = YES;
				CLANG_WARN_DIRECT_OBJC_ISA_USAGE = YES_ERROR;
				CLANG_WARN_DOCUMENTATION_COMMENTS = YES;
				CLANG_WARN_EMPTY_BODY = YES;
				CLANG_WARN_ENUM_CONVERSION = YES;
				CLANG_WARN_INFINITE_RECURSION = YES;
				CLANG_WARN_INT_CONVERSION = YES;
				CLANG_WARN_NON_LITERAL_NULL_CONVERSION = YES;
				CLANG_WARN_OBJC_IMPLICIT_RETAIN_SELF = YES;
				CLANG_WARN_OBJC_LITERAL_CONVERSION = YES;
				CLANG_WARN_OBJC_ROOT_CLASS = YES_ERROR;
				CLANG_WARN_QUOTED_INCLUDE_IN_FRAMEWORK_HEADER = YES;
				CLANG_WARN_RANGE_LOOP_ANALYSIS = YES;
				CLANG_WARN_STRICT_PROTOTYPES = YES;
				CLANG_WARN_SUSPICIOUS_MOVE = YES;
				CLANG_WARN_UNGUARDED_AVAILABILITY = YES_AGGRESSIVE;
				CLANG_WARN_UNREACHABLE_CODE = YES;
				CLANG_WARN__DUPLICATE_METHOD_MATCH = YES;
				COPY_PHASE_STRIP = NO;
				DEBUG_INFORMATION_FORMAT = "dwarf-with-dsym";
				ENABLE_NS_ASSERTIONS = NO;
				ENABLE_STRICT_OBJC_MSGSEND = YES;
				GCC_C_LANGUAGE_STANDARD = gnu11;
				GCC_NO_COMMON_BLOCKS = YES;
				GCC_WARN_64_TO_32_BIT_CONVERSION = YES;
				GCC_WARN_ABOUT_RETURN_TYPE = YES_ERROR;
				GCC_WARN_UNDECLARED_SELECTOR = YES;
				GCC_WARN_UNINITIALIZED_AUTOS = YES_AGGRESSIVE;
				GCC_WARN_UNUSED_FUNCTION = YES;
				GCC_WARN_UNUSED_VARIABLE = YES;
				IPHONEOS_DEPLOYMENT_TARGET = 16.4;
				MTL_ENABLE_DEBUG_INFO = NO;
				MTL_FAST_MATH = YES;
				SDKROOT = iphoneos;
				SWIFT_COMPILATION_MODE = wholemodule;
				SWIFT_OPTIMIZATION_LEVEL = "-O";
				VALIDATE_PRODUCT = YES;
			};
			name = Release;
		};
		ED28A3182A5996B500D61D04 /* Debug */ = {
			isa = XCBuildConfiguration;
			buildSettings = {
				ASSETCATALOG_COMPILER_APPICON_NAME = AppIcon;
				ASSETCATALOG_COMPILER_GLOBAL_ACCENT_COLOR_NAME = AccentColor;
				CODE_SIGN_STYLE = Automatic;
				CURRENT_PROJECT_VERSION = 1;
				GENERATE_INFOPLIST_FILE = YES;
				INFOPLIST_FILE = "Concentration App/Info.plist";
				INFOPLIST_KEY_UIApplicationSupportsIndirectInputEvents = YES;
				INFOPLIST_KEY_UILaunchStoryboardName = LaunchScreen;
				INFOPLIST_KEY_UIMainStoryboardFile = Main;
				INFOPLIST_KEY_UISupportedInterfaceOrientations_iPad = "UIInterfaceOrientationPortrait UIInterfaceOrientationPortraitUpsideDown UIInterfaceOrientationLandscapeLeft UIInterfaceOrientationLandscapeRight";
				INFOPLIST_KEY_UISupportedInterfaceOrientations_iPhone = "UIInterfaceOrientationPortrait UIInterfaceOrientationLandscapeLeft UIInterfaceOrientationLandscapeRight";
				LD_RUNPATH_SEARCH_PATHS = (
					"$(inherited)",
					"@executable_path/Frameworks",
				);
				MARKETING_VERSION = 1.0;
				PRODUCT_BUNDLE_IDENTIFIER = "pedroduca.stanford.Concentration-App";
				PRODUCT_NAME = "$(TARGET_NAME)";
				SWIFT_EMIT_LOC_STRINGS = YES;
				SWIFT_VERSION = 5.0;
				TARGETED_DEVICE_FAMILY = "1,2";
			};
			name = Debug;
		};
		ED28A3192A5996B500D61D04 /* Release */ = {
			isa = XCBuildConfiguration;
			buildSettings = {
				ASSETCATALOG_COMPILER_APPICON_NAME = AppIcon;
				ASSETCATALOG_COMPILER_GLOBAL_ACCENT_COLOR_NAME = AccentColor;
				CODE_SIGN_STYLE = Automatic;
				CURRENT_PROJECT_VERSION = 1;
				GENERATE_INFOPLIST_FILE = YES;
				INFOPLIST_FILE = "Concentration App/Info.plist";
				INFOPLIST_KEY_UIApplicationSupportsIndirectInputEvents = YES;
				INFOPLIST_KEY_UILaunchStoryboardName = LaunchScreen;
				INFOPLIST_KEY_UIMainStoryboardFile = Main;
				INFOPLIST_KEY_UISupportedInterfaceOrientations_iPad = "UIInterfaceOrientationPortrait UIInterfaceOrientationPortraitUpsideDown UIInterfaceOrientationLandscapeLeft UIInterfaceOrientationLandscapeRight";
				INFOPLIST_KEY_UISupportedInterfaceOrientations_iPhone = "UIInterfaceOrientationPortrait UIInterfaceOrientationLandscapeLeft UIInterfaceOrientationLandscapeRight";
				LD_RUNPATH_SEARCH_PATHS = (
					"$(inherited)",
					"@executable_path/Frameworks",
				);
				MARKETING_VERSION = 1.0;
				PRODUCT_BUNDLE_IDENTIFIER = "pedroduca.stanford.Concentration-App";
				PRODUCT_NAME = "$(TARGET_NAME)";
				SWIFT_EMIT_LOC_STRINGS = YES;
				SWIFT_VERSION = 5.0;
				TARGETED_DEVICE_FAMILY = "1,2";
			};
			name = Release;
		};
/* End XCBuildConfiguration section */

/* Begin XCConfigurationList section */
		ED28A2FE2A5996B400D61D04 /* Build configuration list for PBXProject "Concentration App" */ = {
			isa = XCConfigurationList;
			buildConfigurations = (
				ED28A3152A5996B500D61D04 /* Debug */,
				ED28A3162A5996B500D61D04 /* Release */,
			);
			defaultConfigurationIsVisible = 0;
			defaultConfigurationName = Release;
		};
		ED28A3172A5996B500D61D04 /* Build configuration list for PBXNativeTarget "Concentration App" */ = {
			isa = XCConfigurationList;
			buildConfigurations = (
				ED28A3182A5996B500D61D04 /* Debug */,
				ED28A3192A5996B500D61D04 /* Release */,
			);
			defaultConfigurationIsVisible = 0;
			defaultConfigurationName = Release;
		};
/* End XCConfigurationList section */
	};
	rootObject = ED28A2FB2A5996B400D61D04 /* Project object */;
}
